
Microsoft Visual Studio Solution File, Format Version 12.00
# Visual Studio Version 17
VisualStudioVersion = 17.5.33530.505
MinimumVisualStudioVersion = 10.0.40219.1
Project("{9A19103F-16F7-4668-BE54-9A1E7A4F7556}") = "WcfService", "WcfService\WcfService.csproj", "{3E8991ED-D40E-4726-A959-146A851E5CCC}"
EndProject
Project("{9A19103F-16F7-4668-BE54-9A1E7A4F7556}") = "Console", "Console\Console.csproj", "{968E224E-FF1A-4CB9-A543-DBFEFE0E8932}"
EndProject
Global
	GlobalSection(SolutionConfigurationPlatforms) = preSolution
		Debug|Any CPU = Debug|Any CPU
		Release|Any CPU = Release|Any CPU
	EndGlobalSection
	GlobalSection(ProjectConfigurationPlatforms) = postSolution
		{3E8991ED-D40E-4726-A959-146A851E5CCC}.Debug|Any CPU.ActiveCfg = Debug|Any CPU
		{3E8991ED-D40E-4726-A959-146A851E5CCC}.Debug|Any CPU.Build.0 = Debug|Any CPU
		{3E8991ED-D40E-4726-A959-146A851E5CCC}.Release|Any CPU.ActiveCfg = Release|Any CPU
		{3E8991ED-D40E-4726-A959-146A851E5CCC}.Release|Any CPU.Build.0 = Release|Any CPU
		{968E224E-FF1A-4CB9-A543-DBFEFE0E8932}.Debug|Any CPU.ActiveCfg = Debug|Any CPU
		{968E224E-FF1A-4CB9-A543-DBFEFE0E8932}.Debug|Any CPU.Build.0 = Debug|Any CPU
		{968E224E-FF1A-4CB9-A543-DBFEFE0E8932}.Release|Any CPU.ActiveCfg = Release|Any CPU
		{968E224E-FF1A-4CB9-A543-DBFEFE0E8932}.Release|Any CPU.Build.0 = Release|Any CPU
	EndGlobalSection
	GlobalSection(SolutionProperties) = preSolution
		HideSolutionNode = FALSE
	EndGlobalSection
	GlobalSection(ExtensibilityGlobals) = postSolution
		SolutionGuid = {FA433512-045A-4712-BFC6-AB8C4F42C3D7}
	EndGlobalSection
EndGlobal
